
Microsoft Visual Studio Solution File, Format Version 12.00
# Visual Studio Version 16
VisualStudioVersion = 16.0.30621.155
MinimumVisualStudioVersion = 10.0.40219.1
Project("{8BC9CEB8-8B4A-11D0-8D11-00A0C91BC942}") = "C++Masters", "C++Masters\C++Masters.vcxproj", "{EEDA198D-F76F-42A6-9BC4-1E45ED7ECBE8}"
EndProject
Global
	GlobalSection(SolutionConfigurationPlatforms) = preSolution
		Debug|x64 = Debug|x64
		Debug|x86 = Debug|x86
		Release|x64 = Release|x64
		Release|x86 = Release|x86
	EndGlobalSection
	GlobalSection(ProjectConfigurationPlatforms) = postSolution
		{EEDA198D-F76F-42A6-9BC4-1E45ED7ECBE8}.Debug|x64.ActiveCfg = Debug|x64
		{EEDA198D-F76F-42A6-9BC4-1E45ED7ECBE8}.Debug|x64.Build.0 = Debug|x64
		{EEDA198D-F76F-42A6-9BC4-1E45ED7ECBE8}.Debug|x86.ActiveCfg = Debug|Win32
		{EEDA198D-F76F-42A6-9BC4-1E45ED7ECBE8}.Debug|x86.Build.0 = Debug|Win32
		{EEDA198D-F76F-42A6-9BC4-1E45ED7ECBE8}.Release|x64.ActiveCfg = Release|x64
		{EEDA198D-F76F-42A6-9BC4-1E45ED7ECBE8}.Release|x64.Build.0 = Release|x64
		{EEDA198D-F76F-42A6-9BC4-1E45ED7ECBE8}.Release|x86.ActiveCfg = Release|Win32
		{EEDA198D-F76F-42A6-9BC4-1E45ED7ECBE8}.Release|x86.Build.0 = Release|Win32
	EndGlobalSection
	GlobalSection(SolutionProperties) = preSolution
		HideSolutionNode = FALSE
	EndGlobalSection
	GlobalSection(ExtensibilityGlobals) = postSolution
		SolutionGuid = {B15BE0EF-58E1-4D29-93E4-587526782301}
	EndGlobalSection
EndGlobal
